
Microsoft Visual Studio Solution File, Format Version 12.00
# Visual Studio 15
VisualStudioVersion = 15.0.27004.2005
MinimumVisualStudioVersion = 10.0.40219.1
Project("{FAE04EC0-301F-11D3-BF4B-00C04F79EFBC}") = "ImageService", "ImageService\ImageService.csproj", "{4DDF8C37-11D9-41C1-9FDC-C1C12D48C4A4}"
EndProject
Project("{FAE04EC0-301F-11D3-BF4B-00C04F79EFBC}") = "ImageService.Logger", "ImageService.Logger\ImageService.Logger.csproj", "{FB2AFA3C-21E7-4163-B335-35718146CBFA}"
EndProject
Global
	GlobalSection(SolutionConfigurationPlatforms) = preSolution
		Debug|Any CPU = Debug|Any CPU
		Debug|ARM = Debug|ARM
		Debug|x64 = Debug|x64
		Debug|x86 = Debug|x86
		Release|Any CPU = Release|Any CPU
		Release|ARM = Release|ARM
		Release|x64 = Release|x64
		Release|x86 = Release|x86
	EndGlobalSection
	GlobalSection(ProjectConfigurationPlatforms) = postSolution
		{4DDF8C37-11D9-41C1-9FDC-C1C12D48C4A4}.Debug|Any CPU.ActiveCfg = Debug|Any CPU
		{4DDF8C37-11D9-41C1-9FDC-C1C12D48C4A4}.Debug|Any CPU.Build.0 = Debug|Any CPU
		{4DDF8C37-11D9-41C1-9FDC-C1C12D48C4A4}.Debug|ARM.ActiveCfg = Debug|Any CPU
		{4DDF8C37-11D9-41C1-9FDC-C1C12D48C4A4}.Debug|ARM.Build.0 = Debug|Any CPU
		{4DDF8C37-11D9-41C1-9FDC-C1C12D48C4A4}.Debug|x64.ActiveCfg = Debug|Any CPU
		{4DDF8C37-11D9-41C1-9FDC-C1C12D48C4A4}.Debug|x64.Build.0 = Debug|Any CPU
		{4DDF8C37-11D9-41C1-9FDC-C1C12D48C4A4}.Debug|x86.ActiveCfg = Debug|Any CPU
		{4DDF8C37-11D9-41C1-9FDC-C1C12D48C4A4}.Debug|x86.Build.0 = Debug|Any CPU
		{4DDF8C37-11D9-41C1-9FDC-C1C12D48C4A4}.Release|Any CPU.ActiveCfg = Release|Any CPU
		{4DDF8C37-11D9-41C1-9FDC-C1C12D48C4A4}.Release|Any CPU.Build.0 = Release|Any CPU
		{4DDF8C37-11D9-41C1-9FDC-C1C12D48C4A4}.Release|ARM.ActiveCfg = Release|Any CPU
		{4DDF8C37-11D9-41C1-9FDC-C1C12D48C4A4}.Release|ARM.Build.0 = Release|Any CPU
		{4DDF8C37-11D9-41C1-9FDC-C1C12D48C4A4}.Release|x64.ActiveCfg = Release|Any CPU
		{4DDF8C37-11D9-41C1-9FDC-C1C12D48C4A4}.Release|x64.Build.0 = Release|Any CPU
		{4DDF8C37-11D9-41C1-9FDC-C1C12D48C4A4}.Release|x86.ActiveCfg = Release|Any CPU
		{4DDF8C37-11D9-41C1-9FDC-C1C12D48C4A4}.Release|x86.Build.0 = Release|Any CPU
		{FB2AFA3C-21E7-4163-B335-35718146CBFA}.Debug|Any CPU.ActiveCfg = Debug|Any CPU
		{FB2AFA3C-21E7-4163-B335-35718146CBFA}.Debug|Any CPU.Build.0 = Debug|Any CPU
		{FB2AFA3C-21E7-4163-B335-35718146CBFA}.Debug|ARM.ActiveCfg = Debug|Any CPU
		{FB2AFA3C-21E7-4163-B335-35718146CBFA}.Debug|ARM.Build.0 = Debug|Any CPU
		{FB2AFA3C-21E7-4163-B335-35718146CBFA}.Debug|x64.ActiveCfg = Debug|Any CPU
		{FB2AFA3C-21E7-4163-B335-35718146CBFA}.Debug|x64.Build.0 = Debug|Any CPU
		{FB2AFA3C-21E7-4163-B335-35718146CBFA}.Debug|x86.ActiveCfg = Debug|Any CPU
		{FB2AFA3C-21E7-4163-B335-35718146CBFA}.Debug|x86.Build.0 = Debug|Any CPU
		{FB2AFA3C-21E7-4163-B335-35718146CBFA}.Release|Any CPU.ActiveCfg = Release|Any CPU
		{FB2AFA3C-21E7-4163-B335-35718146CBFA}.Release|Any CPU.Build.0 = Release|Any CPU
		{FB2AFA3C-21E7-4163-B335-35718146CBFA}.Release|ARM.ActiveCfg = Release|Any CPU
		{FB2AFA3C-21E7-4163-B335-35718146CBFA}.Release|ARM.Build.0 = Release|Any CPU
		{FB2AFA3C-21E7-4163-B335-35718146CBFA}.Release|x64.ActiveCfg = Release|Any CPU
		{FB2AFA3C-21E7-4163-B335-35718146CBFA}.Release|x64.Build.0 = Release|Any CPU
		{FB2AFA3C-21E7-4163-B335-35718146CBFA}.Release|x86.ActiveCfg = Release|Any CPU
		{FB2AFA3C-21E7-4163-B335-35718146CBFA}.Release|x86.Build.0 = Release|Any CPU
	EndGlobalSection
	GlobalSection(SolutionProperties) = preSolution
		HideSolutionNode = FALSE
	EndGlobalSection
	GlobalSection(ExtensibilityGlobals) = postSolution
		SolutionGuid = {781FE0C3-D375-47F0-9EC5-9BFAEC448CB7}
	EndGlobalSection
EndGlobal
